{
  "requires": true,
  "lockfileVersion": 1,
  "dependencies": {
    "@next/env": {
      "version": "12.1.5-canary.0",
      "resolved": "https://registry.npmjs.org/@next/env/-/env-12.1.5-canary.0.tgz",
      "integrity": "sha512-iV9ValQzCfOU9EEc1DtWkVA+tbihyxnsH87p51fh+KPv4cd4PU7xoGJRD+lp7nIhrNQwzsdHZ4xryBGwGpg69g=="
    },
    "@next/swc-android-arm-eabi": {
      "version": "12.1.5-canary.0",
      "resolved": "https://registry.npmjs.org/@next/swc-android-arm-eabi/-/swc-android-arm-eabi-12.1.5-canary.0.tgz",
      "integrity": "sha512-wH7hPwb8pXy4lAraQ3FBYO3M4yHPKYacTbYsMXlJaUTY3gd+cygToffigUvmfslEBUbbUl/CtfWJYBb7M8zG/w==",
      "optional": true
    },
    "@next/swc-android-arm64": {
      "version": "12.1.5-canary.0",
      "resolved": "https://registry.npmjs.org/@next/swc-android-arm64/-/swc-android-arm64-12.1.5-canary.0.tgz",
      "integrity": "sha512-hF/cwoEO4Ix/HVR5MXWaK41ofx6hDEMtjr2juRmXeKEFqnrKByEkRvDnoTr4TGV6xjFux0Z1caMVeB3wqCbNTQ==",
      "optional": true
    },
    "@next/swc-darwin-arm64": {
      "version": "12.1.5-canary.0",
      "resolved": "https://registry.npmjs.org/@next/swc-darwin-arm64/-/swc-darwin-arm64-12.1.5-canary.0.tgz",
      "integrity": "sha512-gSkpnFwacSfF5IPrTfwZwyUk6cJ9ZE8s80bZl1M8Xyl1KhHMhx0CgPihD2TgPtc6G60hN6YH9OvUVTEY3VWSRA==",
      "optional": true
    },
    "@next/swc-darwin-x64": {
      "version": "12.1.5-canary.0",
      "resolved": "https://registry.npmjs.org/@next/swc-darwin-x64/-/swc-darwin-x64-12.1.5-canary.0.tgz",
      "integrity": "sha512-fUm5Rspg2qCoqcdbyHu6YSR83Wd+so7Id49QxSvIxpISpAeDR1YpQMrBv1RhjUj2XfZ2D2v+a8/C0IQN5Oj3bQ==",
      "optional": true
    },
    "@next/swc-linux-arm-gnueabihf": {
      "version": "12.1.5-canary.0",
      "resolved": "https://registry.npmjs.org/@next/swc-linux-arm-gnueabihf/-/swc-linux-arm-gnueabihf-12.1.5-canary.0.tgz",
      "integrity": "sha512-ddtoit8uStjBLHzTEJi89FSS2sh7fjiUORl8wvEhQp+7Yiaz17x1T10f+z6vUYYR/m6bZ88ALe3gaHMbXAuHhA==",
      "optional": true
    },
    "@next/swc-linux-arm64-gnu": {
      "version": "12.1.5-canary.0",
      "resolved": "https://registry.npmjs.org/@next/swc-linux-arm64-gnu/-/swc-linux-arm64-gnu-12.1.5-canary.0.tgz",
      "integrity": "sha512-0Yp/J/lMVz54AHAvMT5oMGHlsS2GizZIbB5qkdvMLZYlfTDUtA3m2W/mz+R67nktDwEYOKJ/ag8zLqfghpuwXw==",
      "optional": true
    },
    "@next/swc-linux-arm64-musl": {
      "version": "12.1.5-canary.0",
      "resolved": "https://registry.npmjs.org/@next/swc-linux-arm64-musl/-/swc-linux-arm64-musl-12.1.5-canary.0.tgz",
      "integrity": "sha512-G0Ofy3MdwcT0SReh+6zfvkEnCrDBW/4MPJMMm8zIq222W1tiLCLrfRKArjJ0d4viLrO4ic3pdMuqValHlcFSIQ==",
      "optional": true
    },
    "@next/swc-linux-x64-gnu": {
      "version": "12.1.5-canary.0",
      "resolved": "https://registry.npmjs.org/@next/swc-linux-x64-gnu/-/swc-linux-x64-gnu-12.1.5-canary.0.tgz",
      "integrity": "sha512-ZHb1qOJ/pV3MYVqRFHQ42A9rqJmYl07ttyc4tZLAACYPT8rOU5ZJlGIYzjYJALCIWFKeQ0y8vM5cSwiW5WUofA==",
      "optional": true
    },
    "@next/swc-linux-x64-musl": {
      "version": "12.1.5-canary.0",
      "resolved": "https://registry.npmjs.org/@next/swc-linux-x64-musl/-/swc-linux-x64-musl-12.1.5-canary.0.tgz",
      "integrity": "sha512-yqKjfhM5vf8EsrQieuA8bb5gC7jEY1LCwzHKzZX3bpEo67/SQWLF+o+9iqHorfOwmC6OiAFbrX9TYU9EmqK2zg==",
      "optional": true
    },
    "@next/swc-win32-arm64-msvc": {
      "version": "12.1.5-canary.0",
      "resolved": "https://registry.npmjs.org/@next/swc-win32-arm64-msvc/-/swc-win32-arm64-msvc-12.1.5-canary.0.tgz",
      "integrity": "sha512-1ZQi6vQd1YfKQLqxz+VKQLsLDHfucL6+cU3TxjBcMPCqT4vxSHLAlZXVzMeNfcTR5cOrU2XrFOtegC3UGeulNw==",
      "optional": true
    },
    "@next/swc-win32-ia32-msvc": {
      "version": "12.1.5-canary.0",
      "resolved": "https://registry.npmjs.org/@next/swc-win32-ia32-msvc/-/swc-win32-ia32-msvc-12.1.5-canary.0.tgz",
      "integrity": "sha512-qbsmH6/dRLpC1W1V+GhftPRMnaZPvOc8aQpbn/fIz5XQx5cfa5tUbOGVWwOVhneJzW7UphgckmtiyrWyC31wjg==",
      "optional": true
    },
    "@next/swc-win32-x64-msvc": {
      "version": "12.1.5-canary.0",
      "resolved": "https://registry.npmjs.org/@next/swc-win32-x64-msvc/-/swc-win32-x64-msvc-12.1.5-canary.0.tgz",
      "integrity": "sha512-ey/Mcgtdwyv+9LktFrDjBw/2+Vysn6yk1Yo4IRuxfV0MJw4Mfz/nOZ9aMCkKeCXzyCnwENgMblmObtxTcxhB8Q==",
      "optional": true
    },
    "@types/node": {
      "version": "18.7.16",
      "resolved": "https://registry.npmjs.org/@types/node/-/node-18.7.16.tgz",
      "integrity": "sha512-EQHhixfu+mkqHMZl1R2Ovuvn47PUw18azMJOTwSZr9/fhzHNGXAJ0ma0dayRVchprpCj0Kc1K1xKoWaATWF1qg==",
      "dev": true
    },
    "@types/prop-types": {
      "version": "15.7.5",
      "resolved": "https://registry.npmjs.org/@types/prop-types/-/prop-types-15.7.5.tgz",
      "integrity": "sha512-JCB8C6SnDoQf0cNycqd/35A7MjcnK+ZTqE7judS6o7utxUCg6imJg3QK2qzHKszlTjcj2cn+NwMB2i96ubpj7w==",
      "dev": true
    },
    "@types/react": {
      "version": "18.0.1",
      "resolved": "https://registry.npmjs.org/@types/react/-/react-18.0.1.tgz",
      "integrity": "sha512-VnWlrVgG0dYt+NqlfMI0yUYb8Rdl4XUROyH+c6gq/iFCiZ805Vi//26UW38DHnxQkbDhnrIWTBiy6oKZqL11cw==",
      "dev": true,
      "requires": {
        "@types/prop-types": "*",
        "@types/scheduler": "*",
        "csstype": "^3.0.2"
      }
    },
    "@types/scheduler": {
      "version": "0.16.2",
      "resolved": "https://registry.npmjs.org/@types/scheduler/-/scheduler-0.16.2.tgz",
      "integrity": "sha512-hppQEBDmlwhFAXKJX2KnWLYu5yMfi91yazPb2l+lbJiwW+wdo1gNeRA+3RgNSO39WYX2euey41KEwnqesU2Jew==",
      "dev": true
    },
    "caniuse-lite": {
      "version": "1.0.30001393",
      "resolved": "https://registry.npmjs.org/caniuse-lite/-/caniuse-lite-1.0.30001393.tgz",
      "integrity": "sha512-N/od11RX+Gsk+1qY/jbPa0R6zJupEa0lxeBG598EbrtblxVCTJsQwbRBm6+V+rxpc5lHKdsXb9RY83cZIPLseA=="
    },
    "csstype": {
      "version": "3.1.0",
      "resolved": "https://registry.npmjs.org/csstype/-/csstype-3.1.0.tgz",
      "integrity": "sha512-uX1KG+x9h5hIJsaKR9xHUeUraxf8IODOwq9JLNPq6BwB04a/xgpq3rcx47l5BZu5zBPlgD342tdke3Hom/nJRA==",
      "dev": true
    },
    "js-tokens": {
      "version": "4.0.0",
      "resolved": "https://registry.npmjs.org/js-tokens/-/js-tokens-4.0.0.tgz",
      "integrity": "sha512-RdJUflcE3cUzKiMqQgsCu06FPu9UdIJO0beYbPhHN4k6apgJtifcoCtT9bcxOpYBtpD2kCM6Sbzg4CausW/PKQ=="
    },
    "loose-envify": {
      "version": "1.4.0",
      "resolved": "https://registry.npmjs.org/loose-envify/-/loose-envify-1.4.0.tgz",
      "integrity": "sha512-lyuxPGr/Wfhrlem2CL/UcnUc1zcqKAImBDzukY7Y5F/yQiNdko6+fRLevlw1HgMySw7f611UIY408EtxRSoK3Q==",
      "requires": {
        "js-tokens": "^3.0.0 || ^4.0.0"
      }
    },
    "nanoid": {
      "version": "3.3.4",
      "resolved": "https://registry.npmjs.org/nanoid/-/nanoid-3.3.4.tgz",
      "integrity": "sha512-MqBkQh/OHTS2egovRtLk45wEyNXwF+cokD+1YPf9u5VfJiRdAiRwB2froX5Co9Rh20xs4siNPm8naNotSD6RBw=="
    },
    "next": {
      "version": "12.1.5-canary.0",
      "resolved": "https://registry.npmjs.org/next/-/next-12.1.5-canary.0.tgz",
      "integrity": "sha512-IF/bqkVUpEIYsOwu6voiztSL11jAJFY7VI2f3k/yotn64tRgUDAU+64xA4gcmVejH9z0WsQtRkB5GFLDtYa7dw==",
      "requires": {
        "@next/env": "12.1.5-canary.0",
        "@next/swc-android-arm-eabi": "12.1.5-canary.0",
        "@next/swc-android-arm64": "12.1.5-canary.0",
        "@next/swc-darwin-arm64": "12.1.5-canary.0",
        "@next/swc-darwin-x64": "12.1.5-canary.0",
        "@next/swc-linux-arm-gnueabihf": "12.1.5-canary.0",
        "@next/swc-linux-arm64-gnu": "12.1.5-canary.0",
        "@next/swc-linux-arm64-musl": "12.1.5-canary.0",
        "@next/swc-linux-x64-gnu": "12.1.5-canary.0",
        "@next/swc-linux-x64-musl": "12.1.5-canary.0",
        "@next/swc-win32-arm64-msvc": "12.1.5-canary.0",
        "@next/swc-win32-ia32-msvc": "12.1.5-canary.0",
        "@next/swc-win32-x64-msvc": "12.1.5-canary.0",
        "caniuse-lite": "^1.0.30001283",
        "postcss": "8.4.5",
        "styled-jsx": "5.0.1"
      }
    },
    "picocolors": {
      "version": "1.0.0",
      "resolved": "https://registry.npmjs.org/picocolors/-/picocolors-1.0.0.tgz",
      "integrity": "sha512-1fygroTLlHu66zi26VoTDv8yRgm0Fccecssto+MhsZ0D/DGW2sm8E8AjW7NU5VVTRt5GxbeZ5qBuJr+HyLYkjQ=="
    },
    "postcss": {
      "version": "8.4.5",
      "resolved": "https://registry.npmjs.org/postcss/-/postcss-8.4.5.tgz",
      "integrity": "sha512-jBDboWM8qpaqwkMwItqTQTiFikhs/67OYVvblFFTM7MrZjt6yMKd6r2kgXizEbTTljacm4NldIlZnhbjr84QYg==",
      "requires": {
        "nanoid": "^3.1.30",
        "picocolors": "^1.0.0",
        "source-map-js": "^1.0.1"
      }
    },
    "react": {
      "version": "18.2.0",
      "resolved": "https://registry.npmjs.org/react/-/react-18.2.0.tgz",
      "integrity": "sha512-/3IjMdb2L9QbBdWiW5e3P2/npwMBaU9mHCSCUzNln0ZCYbcfTsGbTJrU/kGemdH2IWmB2ioZ+zkxtmq6g09fGQ==",
      "requires": {
        "loose-envify": "^1.1.0"
      }
    },
    "react-dom": {
      "version": "18.2.0",
      "resolved": "https://registry.npmjs.org/react-dom/-/react-dom-18.2.0.tgz",
      "integrity": "sha512-6IMTriUmvsjHUjNtEDudZfuDQUoWXVxKHhlEGSk81n4YFS+r/Kl99wXiwlVXtPBtJenozv2P+hxDsw9eA7Xo6g==",
      "requires": {
        "loose-envify": "^1.1.0",
        "scheduler": "^0.23.0"
      }
    },
    "scheduler": {
      "version": "0.23.0",
      "resolved": "https://registry.npmjs.org/scheduler/-/scheduler-0.23.0.tgz",
      "integrity": "sha512-CtuThmgHNg7zIZWAXi3AsyIzA3n4xx7aNyjwC2VJldO2LMVDhFK+63xGqq6CsJH4rTAt6/M+N4GhZiDYPx9eUw==",
      "requires": {
        "loose-envify": "^1.1.0"
      }
    },
    "source-map-js": {
      "version": "1.0.2",
      "resolved": "https://registry.npmjs.org/source-map-js/-/source-map-js-1.0.2.tgz",
      "integrity": "sha512-R0XvVJ9WusLiqTCEiGCmICCMplcCkIwwR11mOSD9CR5u+IXYdiseeEuXCVAjS54zqwkLcPNnmU4OeJ6tUrWhDw=="
    },
    "styled-jsx": {
      "version": "5.0.1",
      "resolved": "https://registry.npmjs.org/styled-jsx/-/styled-jsx-5.0.1.tgz",
      "integrity": "sha512-+PIZ/6Uk40mphiQJJI1202b+/dYeTVd9ZnMPR80pgiWbjIwvN2zIp4r9et0BgqBuShh48I0gttPlAXA7WVvBxw=="
    },
    "typescript": {
      "version": "4.8.3",
      "resolved": "https://registry.npmjs.org/typescript/-/typescript-4.8.3.tgz",
      "integrity": "sha512-goMHfm00nWPa8UvR/CPSvykqf6dVV8x/dp0c5mFTMTIu0u0FlGWRioyy7Nn0PGAdHxpJZnuO/ut+PpQ8UiHAig==",
      "dev": true
    }
  }
}
