{
  "requires": true,
  "lockfileVersion": 1,
  "dependencies": {
    "@next/env": {
      "version": "12.1.5-canary.1",
      "resolved": "https://registry.npmjs.org/@next/env/-/env-12.1.5-canary.1.tgz",
      "integrity": "sha512-cAcelHIgSiGNGr6CVTgxbH9tS1TaZ60Xrt2tljyhhYEcuv89a59e3cKjJPYy6/AhJWu7SKBZLgmd392sZ6GJtw=="
    },
    "@next/swc-android-arm-eabi": {
      "version": "12.1.5-canary.1",
      "resolved": "https://registry.npmjs.org/@next/swc-android-arm-eabi/-/swc-android-arm-eabi-12.1.5-canary.1.tgz",
      "integrity": "sha512-JVac8jvLWX0qm04nqRkms6L00O9M23DE+jdScMwC/iKa4QhASHRog8ERdmfZvHAcH4JfnF54eYHT1jSXG43NAw==",
      "optional": true
    },
    "@next/swc-android-arm64": {
      "version": "12.1.5-canary.1",
      "resolved": "https://registry.npmjs.org/@next/swc-android-arm64/-/swc-android-arm64-12.1.5-canary.1.tgz",
      "integrity": "sha512-mbY8LOY8ro7ZmJqbQTV7LphXqW2HvL5An66xMzTX1FLa59QT7wLc7EDIbZeX1nCFJSJoVe5G6+Upww9xUMd0oA==",
      "optional": true
    },
    "@next/swc-darwin-arm64": {
      "version": "12.1.5-canary.1",
      "resolved": "https://registry.npmjs.org/@next/swc-darwin-arm64/-/swc-darwin-arm64-12.1.5-canary.1.tgz",
      "integrity": "sha512-qx/V9FNy9cxnuy1BD9qaa4vi4nw0kIuZi4XbKKiow+rpcPjNp70camSxM+woKRinJO3irivLRn8JF0TE0x37zw==",
      "optional": true
    },
    "@next/swc-darwin-x64": {
      "version": "12.1.5-canary.1",
      "resolved": "https://registry.npmjs.org/@next/swc-darwin-x64/-/swc-darwin-x64-12.1.5-canary.1.tgz",
      "integrity": "sha512-w5g/2wjjhxDNiC6k4ohS2SGkFGsyweI3FwzD7mgIDsu72QAqhe0+Wm5iGD1iOmC6AFGqGtoO+P8n0t2xNPmbBA==",
      "optional": true
    },
    "@next/swc-linux-arm-gnueabihf": {
      "version": "12.1.5-canary.1",
      "resolved": "https://registry.npmjs.org/@next/swc-linux-arm-gnueabihf/-/swc-linux-arm-gnueabihf-12.1.5-canary.1.tgz",
      "integrity": "sha512-8u/XCXCrp6MwZKt0wN937nVH0N5E8xzObSU2uA23KAtZYLmh9LsVTdrXrwvQ0ortJaIchDQGHP0NNgbq0CWjMw==",
      "optional": true
    },
    "@next/swc-linux-arm64-gnu": {
      "version": "12.1.5-canary.1",
      "resolved": "https://registry.npmjs.org/@next/swc-linux-arm64-gnu/-/swc-linux-arm64-gnu-12.1.5-canary.1.tgz",
      "integrity": "sha512-950zPQsCbyey/9rxqIXA6FdiP9E07AiF+XVUmR1FwfX1632GB04whsTq3DhsmYB0weMh9DSmVr7hAKSMzBhf4Q==",
      "optional": true
    },
    "@next/swc-linux-arm64-musl": {
      "version": "12.1.5-canary.1",
      "resolved": "https://registry.npmjs.org/@next/swc-linux-arm64-musl/-/swc-linux-arm64-musl-12.1.5-canary.1.tgz",
      "integrity": "sha512-VkSWeCmDxEQmS03dVN1cSEL/dSuzPKQxm72f1GPgncKr6i800HMP1Z+yb8pYSOGfA90yTtZ/68Z1AQ0D1ydnew==",
      "optional": true
    },
    "@next/swc-linux-x64-gnu": {
      "version": "12.1.5-canary.1",
      "resolved": "https://registry.npmjs.org/@next/swc-linux-x64-gnu/-/swc-linux-x64-gnu-12.1.5-canary.1.tgz",
      "integrity": "sha512-hKlIC/vnm3VNYxen1nJxxqt8YKQTO59oMa4aB//TbwG/nwEdk0VzHtbjZcQY1K692uKtYjmCMwykur0Wbkrf3A==",
      "optional": true
    },
    "@next/swc-linux-x64-musl": {
      "version": "12.1.5-canary.1",
      "resolved": "https://registry.npmjs.org/@next/swc-linux-x64-musl/-/swc-linux-x64-musl-12.1.5-canary.1.tgz",
      "integrity": "sha512-YVgP5zQnHTd3yJZ5QcFmbi1xwMfHgVE/h4BXpALGmY3CpfQphkVqgGKsI6hUvWM2x27J+J2uewKdDZbdu7zeBA==",
      "optional": true
    },
    "@next/swc-win32-arm64-msvc": {
      "version": "12.1.5-canary.1",
      "resolved": "https://registry.npmjs.org/@next/swc-win32-arm64-msvc/-/swc-win32-arm64-msvc-12.1.5-canary.1.tgz",
      "integrity": "sha512-HUyPUf4KVedo9pZLqKnQyUzDenloDMrDEgh8f7EKuKPE0TL21JWFRzohfg3oyZOsgyJ/S226/29PhFZ6TfLUHg==",
      "optional": true
    },
    "@next/swc-win32-ia32-msvc": {
      "version": "12.1.5-canary.1",
      "resolved": "https://registry.npmjs.org/@next/swc-win32-ia32-msvc/-/swc-win32-ia32-msvc-12.1.5-canary.1.tgz",
      "integrity": "sha512-p4vJ8FJEIbZ/SpEimUG6lMjXIjvWd0Iv/VuXhV8H7uNPKRmPLqk5Td56zw77pf94hpNDZt5rH9wxjQ7oD6J60g==",
      "optional": true
    },
    "@next/swc-win32-x64-msvc": {
      "version": "12.1.5-canary.1",
      "resolved": "https://registry.npmjs.org/@next/swc-win32-x64-msvc/-/swc-win32-x64-msvc-12.1.5-canary.1.tgz",
      "integrity": "sha512-YlWDPj5dvNak9JDqd31nIbswBsuYUa+h3rVo2ssqoRmARd9vd8krKNez779zMx+wA2gbrX7IU6yEj98CP0GX5w==",
      "optional": true
    },
    "@types/node": {
      "version": "18.7.16",
      "resolved": "https://registry.npmjs.org/@types/node/-/node-18.7.16.tgz",
      "integrity": "sha512-EQHhixfu+mkqHMZl1R2Ovuvn47PUw18azMJOTwSZr9/fhzHNGXAJ0ma0dayRVchprpCj0Kc1K1xKoWaATWF1qg==",
      "dev": true
    },
    "@types/prop-types": {
      "version": "15.7.5",
      "resolved": "https://registry.npmjs.org/@types/prop-types/-/prop-types-15.7.5.tgz",
      "integrity": "sha512-JCB8C6SnDoQf0cNycqd/35A7MjcnK+ZTqE7judS6o7utxUCg6imJg3QK2qzHKszlTjcj2cn+NwMB2i96ubpj7w==",
      "dev": true
    },
    "@types/react": {
      "version": "18.0.1",
      "resolved": "https://registry.npmjs.org/@types/react/-/react-18.0.1.tgz",
      "integrity": "sha512-VnWlrVgG0dYt+NqlfMI0yUYb8Rdl4XUROyH+c6gq/iFCiZ805Vi//26UW38DHnxQkbDhnrIWTBiy6oKZqL11cw==",
      "dev": true,
      "requires": {
        "@types/prop-types": "*",
        "@types/scheduler": "*",
        "csstype": "^3.0.2"
      }
    },
    "@types/scheduler": {
      "version": "0.16.2",
      "resolved": "https://registry.npmjs.org/@types/scheduler/-/scheduler-0.16.2.tgz",
      "integrity": "sha512-hppQEBDmlwhFAXKJX2KnWLYu5yMfi91yazPb2l+lbJiwW+wdo1gNeRA+3RgNSO39WYX2euey41KEwnqesU2Jew==",
      "dev": true
    },
    "caniuse-lite": {
      "version": "1.0.30001393",
      "resolved": "https://registry.npmjs.org/caniuse-lite/-/caniuse-lite-1.0.30001393.tgz",
      "integrity": "sha512-N/od11RX+Gsk+1qY/jbPa0R6zJupEa0lxeBG598EbrtblxVCTJsQwbRBm6+V+rxpc5lHKdsXb9RY83cZIPLseA=="
    },
    "csstype": {
      "version": "3.1.0",
      "resolved": "https://registry.npmjs.org/csstype/-/csstype-3.1.0.tgz",
      "integrity": "sha512-uX1KG+x9h5hIJsaKR9xHUeUraxf8IODOwq9JLNPq6BwB04a/xgpq3rcx47l5BZu5zBPlgD342tdke3Hom/nJRA==",
      "dev": true
    },
    "js-tokens": {
      "version": "4.0.0",
      "resolved": "https://registry.npmjs.org/js-tokens/-/js-tokens-4.0.0.tgz",
      "integrity": "sha512-RdJUflcE3cUzKiMqQgsCu06FPu9UdIJO0beYbPhHN4k6apgJtifcoCtT9bcxOpYBtpD2kCM6Sbzg4CausW/PKQ=="
    },
    "loose-envify": {
      "version": "1.4.0",
      "resolved": "https://registry.npmjs.org/loose-envify/-/loose-envify-1.4.0.tgz",
      "integrity": "sha512-lyuxPGr/Wfhrlem2CL/UcnUc1zcqKAImBDzukY7Y5F/yQiNdko6+fRLevlw1HgMySw7f611UIY408EtxRSoK3Q==",
      "requires": {
        "js-tokens": "^3.0.0 || ^4.0.0"
      }
    },
    "nanoid": {
      "version": "3.3.4",
      "resolved": "https://registry.npmjs.org/nanoid/-/nanoid-3.3.4.tgz",
      "integrity": "sha512-MqBkQh/OHTS2egovRtLk45wEyNXwF+cokD+1YPf9u5VfJiRdAiRwB2froX5Co9Rh20xs4siNPm8naNotSD6RBw=="
    },
    "next": {
      "version": "12.1.5-canary.1",
      "resolved": "https://registry.npmjs.org/next/-/next-12.1.5-canary.1.tgz",
      "integrity": "sha512-RQWFoHgdSgTNoR20YmtN0c6iSeXWkrPWWefZEbooaQX3Wmz37pKW72qhOXe/9kKHs+8JNBW4ozAaFIw+YzlWag==",
      "requires": {
        "@next/env": "12.1.5-canary.1",
        "@next/swc-android-arm-eabi": "12.1.5-canary.1",
        "@next/swc-android-arm64": "12.1.5-canary.1",
        "@next/swc-darwin-arm64": "12.1.5-canary.1",
        "@next/swc-darwin-x64": "12.1.5-canary.1",
        "@next/swc-linux-arm-gnueabihf": "12.1.5-canary.1",
        "@next/swc-linux-arm64-gnu": "12.1.5-canary.1",
        "@next/swc-linux-arm64-musl": "12.1.5-canary.1",
        "@next/swc-linux-x64-gnu": "12.1.5-canary.1",
        "@next/swc-linux-x64-musl": "12.1.5-canary.1",
        "@next/swc-win32-arm64-msvc": "12.1.5-canary.1",
        "@next/swc-win32-ia32-msvc": "12.1.5-canary.1",
        "@next/swc-win32-x64-msvc": "12.1.5-canary.1",
        "caniuse-lite": "^1.0.30001283",
        "postcss": "8.4.5",
        "styled-jsx": "5.0.1"
      }
    },
    "picocolors": {
      "version": "1.0.0",
      "resolved": "https://registry.npmjs.org/picocolors/-/picocolors-1.0.0.tgz",
      "integrity": "sha512-1fygroTLlHu66zi26VoTDv8yRgm0Fccecssto+MhsZ0D/DGW2sm8E8AjW7NU5VVTRt5GxbeZ5qBuJr+HyLYkjQ=="
    },
    "postcss": {
      "version": "8.4.5",
      "resolved": "https://registry.npmjs.org/postcss/-/postcss-8.4.5.tgz",
      "integrity": "sha512-jBDboWM8qpaqwkMwItqTQTiFikhs/67OYVvblFFTM7MrZjt6yMKd6r2kgXizEbTTljacm4NldIlZnhbjr84QYg==",
      "requires": {
        "nanoid": "^3.1.30",
        "picocolors": "^1.0.0",
        "source-map-js": "^1.0.1"
      }
    },
    "react": {
      "version": "18.2.0",
      "resolved": "https://registry.npmjs.org/react/-/react-18.2.0.tgz",
      "integrity": "sha512-/3IjMdb2L9QbBdWiW5e3P2/npwMBaU9mHCSCUzNln0ZCYbcfTsGbTJrU/kGemdH2IWmB2ioZ+zkxtmq6g09fGQ==",
      "requires": {
        "loose-envify": "^1.1.0"
      }
    },
    "react-dom": {
      "version": "18.2.0",
      "resolved": "https://registry.npmjs.org/react-dom/-/react-dom-18.2.0.tgz",
      "integrity": "sha512-6IMTriUmvsjHUjNtEDudZfuDQUoWXVxKHhlEGSk81n4YFS+r/Kl99wXiwlVXtPBtJenozv2P+hxDsw9eA7Xo6g==",
      "requires": {
        "loose-envify": "^1.1.0",
        "scheduler": "^0.23.0"
      }
    },
    "scheduler": {
      "version": "0.23.0",
      "resolved": "https://registry.npmjs.org/scheduler/-/scheduler-0.23.0.tgz",
      "integrity": "sha512-CtuThmgHNg7zIZWAXi3AsyIzA3n4xx7aNyjwC2VJldO2LMVDhFK+63xGqq6CsJH4rTAt6/M+N4GhZiDYPx9eUw==",
      "requires": {
        "loose-envify": "^1.1.0"
      }
    },
    "source-map-js": {
      "version": "1.0.2",
      "resolved": "https://registry.npmjs.org/source-map-js/-/source-map-js-1.0.2.tgz",
      "integrity": "sha512-R0XvVJ9WusLiqTCEiGCmICCMplcCkIwwR11mOSD9CR5u+IXYdiseeEuXCVAjS54zqwkLcPNnmU4OeJ6tUrWhDw=="
    },
    "styled-jsx": {
      "version": "5.0.1",
      "resolved": "https://registry.npmjs.org/styled-jsx/-/styled-jsx-5.0.1.tgz",
      "integrity": "sha512-+PIZ/6Uk40mphiQJJI1202b+/dYeTVd9ZnMPR80pgiWbjIwvN2zIp4r9et0BgqBuShh48I0gttPlAXA7WVvBxw=="
    },
    "typescript": {
      "version": "4.8.3",
      "resolved": "https://registry.npmjs.org/typescript/-/typescript-4.8.3.tgz",
      "integrity": "sha512-goMHfm00nWPa8UvR/CPSvykqf6dVV8x/dp0c5mFTMTIu0u0FlGWRioyy7Nn0PGAdHxpJZnuO/ut+PpQ8UiHAig==",
      "dev": true
    }
  }
}
